
Microsoft Visual Studio Solution File, Format Version 12.00
# Visual Studio Version 16
VisualStudioVersion = 16.0.31112.23
MinimumVisualStudioVersion = 10.0.40219.1
Project("{FAE04EC0-301F-11D3-BF4B-00C04F79EFBC}") = "Northwind.Entities", "Northwind.Entities\Northwind.Entities.csproj", "{CA9C3928-8BA4-45F3-854F-91B5B25D5193}"
EndProject
Project("{FAE04EC0-301F-11D3-BF4B-00C04F79EFBC}") = "Northwind.DataAccess", "Northwind.DataAccess\Northwind.DataAccess.csproj", "{6AB60FCB-67C5-4CB8-BA59-522A19A29475}"
EndProject
Project("{FAE04EC0-301F-11D3-BF4B-00C04F79EFBC}") = "Northwind.Business", "Northwind.Business\Northwind.Business.csproj", "{55E07C6F-A747-4FA3-8EA0-F6D7202F6F96}"
EndProject
Project("{FAE04EC0-301F-11D3-BF4B-00C04F79EFBC}") = "Northwind.WebFormsUI", "Northwind.WebFormsUI\Northwind.WebFormsUI.csproj", "{C27C9B9F-C733-4E76-AD35-3E11B11517CB}"
EndProject
Global
	GlobalSection(SolutionConfigurationPlatforms) = preSolution
		Debug|Any CPU = Debug|Any CPU
		Release|Any CPU = Release|Any CPU
	EndGlobalSection
	GlobalSection(ProjectConfigurationPlatforms) = postSolution
		{CA9C3928-8BA4-45F3-854F-91B5B25D5193}.Debug|Any CPU.ActiveCfg = Debug|Any CPU
		{CA9C3928-8BA4-45F3-854F-91B5B25D5193}.Debug|Any CPU.Build.0 = Debug|Any CPU
		{CA9C3928-8BA4-45F3-854F-91B5B25D5193}.Release|Any CPU.ActiveCfg = Release|Any CPU
		{CA9C3928-8BA4-45F3-854F-91B5B25D5193}.Release|Any CPU.Build.0 = Release|Any CPU
		{6AB60FCB-67C5-4CB8-BA59-522A19A29475}.Debug|Any CPU.ActiveCfg = Debug|Any CPU
		{6AB60FCB-67C5-4CB8-BA59-522A19A29475}.Debug|Any CPU.Build.0 = Debug|Any CPU
		{6AB60FCB-67C5-4CB8-BA59-522A19A29475}.Release|Any CPU.ActiveCfg = Release|Any CPU
		{6AB60FCB-67C5-4CB8-BA59-522A19A29475}.Release|Any CPU.Build.0 = Release|Any CPU
		{55E07C6F-A747-4FA3-8EA0-F6D7202F6F96}.Debug|Any CPU.ActiveCfg = Debug|Any CPU
		{55E07C6F-A747-4FA3-8EA0-F6D7202F6F96}.Debug|Any CPU.Build.0 = Debug|Any CPU
		{55E07C6F-A747-4FA3-8EA0-F6D7202F6F96}.Release|Any CPU.ActiveCfg = Release|Any CPU
		{55E07C6F-A747-4FA3-8EA0-F6D7202F6F96}.Release|Any CPU.Build.0 = Release|Any CPU
		{C27C9B9F-C733-4E76-AD35-3E11B11517CB}.Debug|Any CPU.ActiveCfg = Debug|Any CPU
		{C27C9B9F-C733-4E76-AD35-3E11B11517CB}.Debug|Any CPU.Build.0 = Debug|Any CPU
		{C27C9B9F-C733-4E76-AD35-3E11B11517CB}.Release|Any CPU.ActiveCfg = Release|Any CPU
		{C27C9B9F-C733-4E76-AD35-3E11B11517CB}.Release|Any CPU.Build.0 = Release|Any CPU
	EndGlobalSection
	GlobalSection(SolutionProperties) = preSolution
		HideSolutionNode = FALSE
	EndGlobalSection
	GlobalSection(ExtensibilityGlobals) = postSolution
		SolutionGuid = {AF6240D9-C5AC-4502-97D1-ADCA0724DBC5}
	EndGlobalSection
EndGlobal
